
Microsoft Visual Studio Solution File, Format Version 12.00
Project("{FAE04EC0-301F-11D3-BF4B-00C04F79EFBC}") = "DriverTracker", "DriverTracker\DriverTracker.csproj", "{C50C3B57-0533-4394-BEF2-38D8812ED4A5}"
EndProject
Project("{FAE04EC0-301F-11D3-BF4B-00C04F79EFBC}") = "DriverTracker.Droid", "DriverTracker.Droid\DriverTracker.Droid.csproj", "{1549D506-4C41-4B5D-88AC-6CCFBB3E6B86}"
EndProject
Project("{FAE04EC0-301F-11D3-BF4B-00C04F79EFBC}") = "DriverTracker.iOS", "DriverTracker.iOS\DriverTracker.iOS.csproj", "{781EE214-6E08-4F5B-9969-AFD01EDEC497}"
EndProject
Project("{FAE04EC0-301F-11D3-BF4B-00C04F79EFBC}") = "DriverTracker.Mac", "DriverTracker.Mac\DriverTracker.Mac.csproj", "{E59D530F-00BA-41EB-BF53-B8D945B713C4}"
EndProject
Project("{FAE04EC0-301F-11D3-BF4B-00C04F79EFBC}") = "DriverTracker.WinUI", "DriverTracker.WinUI\DriverTracker.WinUI.csproj", "{A724D29D-9490-4373-BD16-65FCBB9B6A41}"
EndProject
Global
	GlobalSection(SolutionConfigurationPlatforms) = preSolution
		Debug|Any CPU = Debug|Any CPU
		Debug|ARM64 = Debug|ARM64
		Debug|x64 = Debug|x64
		Debug|x86 = Debug|x86
		Release|Any CPU = Release|Any CPU
		Release|ARM64 = Release|ARM64
		Release|x64 = Release|x64
		Release|x86 = Release|x86
	EndGlobalSection
	GlobalSection(ProjectConfigurationPlatforms) = postSolution
		{C50C3B57-0533-4394-BEF2-38D8812ED4A5}.Debug|Any CPU.ActiveCfg = Debug|Any CPU
		{C50C3B57-0533-4394-BEF2-38D8812ED4A5}.Debug|Any CPU.Build.0 = Debug|Any CPU
		{C50C3B57-0533-4394-BEF2-38D8812ED4A5}.Debug|ARM64.ActiveCfg = Debug|Any CPU
		{C50C3B57-0533-4394-BEF2-38D8812ED4A5}.Debug|ARM64.Build.0 = Debug|Any CPU
		{C50C3B57-0533-4394-BEF2-38D8812ED4A5}.Debug|x64.ActiveCfg = Debug|Any CPU
		{C50C3B57-0533-4394-BEF2-38D8812ED4A5}.Debug|x64.Build.0 = Debug|Any CPU
		{C50C3B57-0533-4394-BEF2-38D8812ED4A5}.Debug|x86.ActiveCfg = Debug|Any CPU
		{C50C3B57-0533-4394-BEF2-38D8812ED4A5}.Debug|x86.Build.0 = Debug|Any CPU
		{C50C3B57-0533-4394-BEF2-38D8812ED4A5}.Release|Any CPU.ActiveCfg = Release|Any CPU
		{C50C3B57-0533-4394-BEF2-38D8812ED4A5}.Release|Any CPU.Build.0 = Release|Any CPU
		{C50C3B57-0533-4394-BEF2-38D8812ED4A5}.Release|ARM64.ActiveCfg = Release|Any CPU
		{C50C3B57-0533-4394-BEF2-38D8812ED4A5}.Release|ARM64.Build.0 = Release|Any CPU
		{C50C3B57-0533-4394-BEF2-38D8812ED4A5}.Release|x64.ActiveCfg = Release|Any CPU
		{C50C3B57-0533-4394-BEF2-38D8812ED4A5}.Release|x64.Build.0 = Release|Any CPU
		{C50C3B57-0533-4394-BEF2-38D8812ED4A5}.Release|x86.ActiveCfg = Release|Any CPU
		{C50C3B57-0533-4394-BEF2-38D8812ED4A5}.Release|x86.Build.0 = Release|Any CPU
		{1549D506-4C41-4B5D-88AC-6CCFBB3E6B86}.Debug|Any CPU.ActiveCfg = Debug|Any CPU
		{1549D506-4C41-4B5D-88AC-6CCFBB3E6B86}.Debug|Any CPU.Build.0 = Debug|Any CPU
		{1549D506-4C41-4B5D-88AC-6CCFBB3E6B86}.Debug|Any CPU.Deploy.0 = Debug|Any CPU
		{1549D506-4C41-4B5D-88AC-6CCFBB3E6B86}.Debug|ARM64.ActiveCfg = Debug|Any CPU
		{1549D506-4C41-4B5D-88AC-6CCFBB3E6B86}.Debug|ARM64.Build.0 = Debug|Any CPU
		{1549D506-4C41-4B5D-88AC-6CCFBB3E6B86}.Debug|ARM64.Deploy.0 = Debug|Any CPU
		{1549D506-4C41-4B5D-88AC-6CCFBB3E6B86}.Debug|x64.ActiveCfg = Debug|Any CPU
		{1549D506-4C41-4B5D-88AC-6CCFBB3E6B86}.Debug|x64.Build.0 = Debug|Any CPU
		{1549D506-4C41-4B5D-88AC-6CCFBB3E6B86}.Debug|x64.Deploy.0 = Debug|Any CPU
		{1549D506-4C41-4B5D-88AC-6CCFBB3E6B86}.Debug|x86.ActiveCfg = Debug|Any CPU
		{1549D506-4C41-4B5D-88AC-6CCFBB3E6B86}.Debug|x86.Build.0 = Debug|Any CPU
		{1549D506-4C41-4B5D-88AC-6CCFBB3E6B86}.Debug|x86.Deploy.0 = Debug|Any CPU
		{1549D506-4C41-4B5D-88AC-6CCFBB3E6B86}.Release|Any CPU.ActiveCfg = Release|Any CPU
		{1549D506-4C41-4B5D-88AC-6CCFBB3E6B86}.Release|Any CPU.Build.0 = Release|Any CPU
		{1549D506-4C41-4B5D-88AC-6CCFBB3E6B86}.Release|Any CPU.Deploy.0 = Release|Any CPU
		{1549D506-4C41-4B5D-88AC-6CCFBB3E6B86}.Release|ARM64.ActiveCfg = Release|Any CPU
		{1549D506-4C41-4B5D-88AC-6CCFBB3E6B86}.Release|ARM64.Build.0 = Release|Any CPU
		{1549D506-4C41-4B5D-88AC-6CCFBB3E6B86}.Release|ARM64.Deploy.0 = Release|Any CPU
		{1549D506-4C41-4B5D-88AC-6CCFBB3E6B86}.Release|x64.ActiveCfg = Release|Any CPU
		{1549D506-4C41-4B5D-88AC-6CCFBB3E6B86}.Release|x64.Build.0 = Release|Any CPU
		{1549D506-4C41-4B5D-88AC-6CCFBB3E6B86}.Release|x64.Deploy.0 = Release|Any CPU
		{1549D506-4C41-4B5D-88AC-6CCFBB3E6B86}.Release|x86.ActiveCfg = Release|Any CPU
		{1549D506-4C41-4B5D-88AC-6CCFBB3E6B86}.Release|x86.Build.0 = Release|Any CPU
		{1549D506-4C41-4B5D-88AC-6CCFBB3E6B86}.Release|x86.Deploy.0 = Release|Any CPU
		{781EE214-6E08-4F5B-9969-AFD01EDEC497}.Debug|Any CPU.ActiveCfg = Debug|Any CPU
		{781EE214-6E08-4F5B-9969-AFD01EDEC497}.Debug|Any CPU.Build.0 = Debug|Any CPU
		{781EE214-6E08-4F5B-9969-AFD01EDEC497}.Debug|Any CPU.Deploy.0 = Debug|Any CPU
		{781EE214-6E08-4F5B-9969-AFD01EDEC497}.Debug|ARM64.ActiveCfg = Debug|Any CPU
		{781EE214-6E08-4F5B-9969-AFD01EDEC497}.Debug|ARM64.Build.0 = Debug|Any CPU
		{781EE214-6E08-4F5B-9969-AFD01EDEC497}.Debug|ARM64.Deploy.0 = Debug|Any CPU
		{781EE214-6E08-4F5B-9969-AFD01EDEC497}.Debug|x64.ActiveCfg = Debug|Any CPU
		{781EE214-6E08-4F5B-9969-AFD01EDEC497}.Debug|x64.Build.0 = Debug|Any CPU
		{781EE214-6E08-4F5B-9969-AFD01EDEC497}.Debug|x64.Deploy.0 = Debug|Any CPU
		{781EE214-6E08-4F5B-9969-AFD01EDEC497}.Debug|x86.ActiveCfg = Debug|Any CPU
		{781EE214-6E08-4F5B-9969-AFD01EDEC497}.Debug|x86.Build.0 = Debug|Any CPU
		{781EE214-6E08-4F5B-9969-AFD01EDEC497}.Debug|x86.Deploy.0 = Debug|Any CPU
		{781EE214-6E08-4F5B-9969-AFD01EDEC497}.Release|Any CPU.ActiveCfg = Release|Any CPU
		{781EE214-6E08-4F5B-9969-AFD01EDEC497}.Release|Any CPU.Build.0 = Release|Any CPU
		{781EE214-6E08-4F5B-9969-AFD01EDEC497}.Release|Any CPU.Deploy.0 = Release|Any CPU
		{781EE214-6E08-4F5B-9969-AFD01EDEC497}.Release|ARM64.ActiveCfg = Release|Any CPU
		{781EE214-6E08-4F5B-9969-AFD01EDEC497}.Release|ARM64.Build.0 = Release|Any CPU
		{781EE214-6E08-4F5B-9969-AFD01EDEC497}.Release|ARM64.Deploy.0 = Release|Any CPU
		{781EE214-6E08-4F5B-9969-AFD01EDEC497}.Release|x64.ActiveCfg = Release|Any CPU
		{781EE214-6E08-4F5B-9969-AFD01EDEC497}.Release|x64.Build.0 = Release|Any CPU
		{781EE214-6E08-4F5B-9969-AFD01EDEC497}.Release|x64.Deploy.0 = Release|Any CPU
		{781EE214-6E08-4F5B-9969-AFD01EDEC497}.Release|x86.ActiveCfg = Release|Any CPU
		{781EE214-6E08-4F5B-9969-AFD01EDEC497}.Release|x86.Build.0 = Release|Any CPU
		{781EE214-6E08-4F5B-9969-AFD01EDEC497}.Release|x86.Deploy.0 = Release|Any CPU
		{E59D530F-00BA-41EB-BF53-B8D945B713C4}.Debug|Any CPU.ActiveCfg = Debug|Any CPU
		{E59D530F-00BA-41EB-BF53-B8D945B713C4}.Debug|Any CPU.Build.0 = Debug|Any CPU
		{E59D530F-00BA-41EB-BF53-B8D945B713C4}.Debug|Any CPU.Deploy.0 = Debug|Any CPU
		{E59D530F-00BA-41EB-BF53-B8D945B713C4}.Debug|ARM64.ActiveCfg = Debug|Any CPU
		{E59D530F-00BA-41EB-BF53-B8D945B713C4}.Debug|ARM64.Build.0 = Debug|Any CPU
		{E59D530F-00BA-41EB-BF53-B8D945B713C4}.Debug|ARM64.Deploy.0 = Debug|Any CPU
		{E59D530F-00BA-41EB-BF53-B8D945B713C4}.Debug|x64.ActiveCfg = Debug|Any CPU
		{E59D530F-00BA-41EB-BF53-B8D945B713C4}.Debug|x64.Build.0 = Debug|Any CPU
		{E59D530F-00BA-41EB-BF53-B8D945B713C4}.Debug|x64.Deploy.0 = Debug|Any CPU
		{E59D530F-00BA-41EB-BF53-B8D945B713C4}.Debug|x86.ActiveCfg = Debug|Any CPU
		{E59D530F-00BA-41EB-BF53-B8D945B713C4}.Debug|x86.Build.0 = Debug|Any CPU
		{E59D530F-00BA-41EB-BF53-B8D945B713C4}.Debug|x86.Deploy.0 = Debug|Any CPU
		{E59D530F-00BA-41EB-BF53-B8D945B713C4}.Release|Any CPU.ActiveCfg = Release|Any CPU
		{E59D530F-00BA-41EB-BF53-B8D945B713C4}.Release|Any CPU.Build.0 = Release|Any CPU
		{E59D530F-00BA-41EB-BF53-B8D945B713C4}.Release|Any CPU.Deploy.0 = Release|Any CPU
		{E59D530F-00BA-41EB-BF53-B8D945B713C4}.Release|ARM64.ActiveCfg = Release|Any CPU
		{E59D530F-00BA-41EB-BF53-B8D945B713C4}.Release|ARM64.Build.0 = Release|Any CPU
		{E59D530F-00BA-41EB-BF53-B8D945B713C4}.Release|ARM64.Deploy.0 = Release|Any CPU
		{E59D530F-00BA-41EB-BF53-B8D945B713C4}.Release|x64.ActiveCfg = Release|Any CPU
		{E59D530F-00BA-41EB-BF53-B8D945B713C4}.Release|x64.Build.0 = Release|Any CPU
		{E59D530F-00BA-41EB-BF53-B8D945B713C4}.Release|x64.Deploy.0 = Release|Any CPU
		{E59D530F-00BA-41EB-BF53-B8D945B713C4}.Release|x86.ActiveCfg = Release|Any CPU
		{E59D530F-00BA-41EB-BF53-B8D945B713C4}.Release|x86.Build.0 = Release|Any CPU
		{E59D530F-00BA-41EB-BF53-B8D945B713C4}.Release|x86.Deploy.0 = Release|Any CPU
		{A724D29D-9490-4373-BD16-65FCBB9B6A41}.Debug|Any CPU.ActiveCfg = Debug|x86
		{A724D29D-9490-4373-BD16-65FCBB9B6A41}.Debug|Any CPU.Build.0 = Debug|x86
		{A724D29D-9490-4373-BD16-65FCBB9B6A41}.Debug|Any CPU.Deploy.0 = Debug|x86
		{A724D29D-9490-4373-BD16-65FCBB9B6A41}.Debug|ARM64.ActiveCfg = Debug|ARM64
		{A724D29D-9490-4373-BD16-65FCBB9B6A41}.Debug|ARM64.Build.0 = Debug|ARM64
		{A724D29D-9490-4373-BD16-65FCBB9B6A41}.Debug|ARM64.Deploy.0 = Debug|ARM64
		{A724D29D-9490-4373-BD16-65FCBB9B6A41}.Debug|x64.ActiveCfg = Debug|x64
		{A724D29D-9490-4373-BD16-65FCBB9B6A41}.Debug|x64.Build.0 = Debug|x64
		{A724D29D-9490-4373-BD16-65FCBB9B6A41}.Debug|x64.Deploy.0 = Debug|x64
		{A724D29D-9490-4373-BD16-65FCBB9B6A41}.Debug|x86.ActiveCfg = Debug|x86
		{A724D29D-9490-4373-BD16-65FCBB9B6A41}.Debug|x86.Build.0 = Debug|x86
		{A724D29D-9490-4373-BD16-65FCBB9B6A41}.Debug|x86.Deploy.0 = Debug|x86
		{A724D29D-9490-4373-BD16-65FCBB9B6A41}.Release|Any CPU.ActiveCfg = Release|x86
		{A724D29D-9490-4373-BD16-65FCBB9B6A41}.Release|Any CPU.Build.0 = Release|x86
		{A724D29D-9490-4373-BD16-65FCBB9B6A41}.Release|Any CPU.Deploy.0 = Release|x86
		{A724D29D-9490-4373-BD16-65FCBB9B6A41}.Release|ARM64.ActiveCfg = Release|ARM64
		{A724D29D-9490-4373-BD16-65FCBB9B6A41}.Release|ARM64.Build.0 = Release|ARM64
		{A724D29D-9490-4373-BD16-65FCBB9B6A41}.Release|ARM64.Deploy.0 = Release|ARM64
		{A724D29D-9490-4373-BD16-65FCBB9B6A41}.Release|x64.ActiveCfg = Release|x64
		{A724D29D-9490-4373-BD16-65FCBB9B6A41}.Release|x64.Build.0 = Release|x64
		{A724D29D-9490-4373-BD16-65FCBB9B6A41}.Release|x64.Deploy.0 = Release|x64
		{A724D29D-9490-4373-BD16-65FCBB9B6A41}.Release|x86.ActiveCfg = Release|x86
		{A724D29D-9490-4373-BD16-65FCBB9B6A41}.Release|x86.Build.0 = Release|x86
		{A724D29D-9490-4373-BD16-65FCBB9B6A41}.Release|x86.Deploy.0 = Release|x86
	EndGlobalSection
EndGlobal
